Microsoft Visual Studio Solution File, Format Version 12.00
# Visual Studio Version 17
VisualStudioVersion = 17.5.2.0
MinimumVisualStudioVersion = 10.0.40219.1
Project("{FAE04EC0-301F-11D3-BF4B-00C04F79EFBC}") = "CompetitionTwo", "CompetitionTwo.csproj", "{BB6A7567-487D-4F50-5DC6-08E1DB733EB3}"
EndProject
Global
	GlobalSection(SolutionConfigurationPlatforms) = preSolution
		Debug|Any CPU = Debug|Any CPU
		Release|Any CPU = Release|Any CPU
	EndGlobalSection
	GlobalSection(ProjectConfigurationPlatforms) = postSolution
		{BB6A7567-487D-4F50-5DC6-08E1DB733EB3}.Debug|Any CPU.ActiveCfg = Debug|Any CPU
		{BB6A7567-487D-4F50-5DC6-08E1DB733EB3}.Debug|Any CPU.Build.0 = Debug|Any CPU
		{BB6A7567-487D-4F50-5DC6-08E1DB733EB3}.Release|Any CPU.ActiveCfg = Release|Any CPU
		{BB6A7567-487D-4F50-5DC6-08E1DB733EB3}.Release|Any CPU.Build.0 = Release|Any CPU
	EndGlobalSection
	GlobalSection(SolutionProperties) = preSolution
		HideSolutionNode = FALSE
	EndGlobalSection
	GlobalSection(ExtensibilityGlobals) = postSolution
		SolutionGuid = {037161BE-F35B-4A9D-90CB-AC207D6D112E}
	EndGlobalSection
EndGlobal
